
Microsoft Visual Studio Solution File, Format Version 12.00
Project("{FAE04EC0-301F-11D3-BF4B-00C04F79EFBC}") = "DARP_00026919_2EP", "DARP_00026919_2EP.csproj", "{F52A941E-B845-4162-ACD9-E77948744901}"
EndProject
Global
	GlobalSection(SolutionConfigurationPlatforms) = preSolution
		Debug|Any CPU = Debug|Any CPU
		Release|Any CPU = Release|Any CPU
	EndGlobalSection
	GlobalSection(ProjectConfigurationPlatforms) = postSolution
		{F52A941E-B845-4162-ACD9-E77948744901}.Debug|Any CPU.ActiveCfg = Debug|Any CPU
		{F52A941E-B845-4162-ACD9-E77948744901}.Debug|Any CPU.Build.0 = Debug|Any CPU
		{F52A941E-B845-4162-ACD9-E77948744901}.Release|Any CPU.ActiveCfg = Release|Any CPU
		{F52A941E-B845-4162-ACD9-E77948744901}.Release|Any CPU.Build.0 = Release|Any CPU
	EndGlobalSection
EndGlobal
